{
  "name": "gree",
  "version": "1.0.0",
  "lockfileVersion": 1,
  "requires": true,
  "dependencies": {
    "clone": {
      "version": "2.1.2",
      "resolved": "https://registry.npmjs.org/clone/-/clone-2.1.2.tgz",
      "integrity": "sha1-G39Ln1kfHo+DZwQBYANFoCiHQ18="
    },
    "dotenv": {
      "version": "8.2.0",
      "resolved": "https://registry.npmjs.org/dotenv/-/dotenv-8.2.0.tgz",
      "integrity": "sha512-8sJ78ElpbDJBHNeBzUbUVLsqKdccaa/BXF1uPTw3GrvQTBgrQrtObr2mUrE38vzYd8cEv+m/JBfDLioYcfXoaw=="
    },
    "gree-hvac-client": {
      "version": "github:inwaar/gree-hvac-client#7305a9f41f90b84019e7261a9cd8cae0bdee9058",
      "from": "github:inwaar/gree-hvac-client",
      "requires": {
        "clone": "^2.1.2",
        "object-diff": "^0.0.4"
      }
    },
    "object-diff": {
      "version": "0.0.4",
      "resolved": "https://registry.npmjs.org/object-diff/-/object-diff-0.0.4.tgz",
      "integrity": "sha1-2IOwRE/o/W4E5ZXXu2ZWgskWBH8="
    }
  }
}
